
Microsoft Visual Studio Solution File, Format Version 12.00
# Visual Studio Version 17
VisualStudioVersion = 17.9.34616.47
MinimumVisualStudioVersion = 10.0.40219.1
Project("{FAE04EC0-301F-11D3-BF4B-00C04F79EFBC}") = "Blazor_Auto_Generated_Data_Form", "Blazor_Auto_Generated_Data_Form.csproj", "{E96E864C-1DFD-4765-80ED-2419B296FFC0}"
EndProject
Global
	GlobalSection(SolutionConfigurationPlatforms) = preSolution
		Debug|Any CPU = Debug|Any CPU
		Release|Any CPU = Release|Any CPU
	EndGlobalSection
	GlobalSection(ProjectConfigurationPlatforms) = postSolution
		{E96E864C-1DFD-4765-80ED-2419B296FFC0}.Debug|Any CPU.ActiveCfg = Debug|Any CPU
		{E96E864C-1DFD-4765-80ED-2419B296FFC0}.Debug|Any CPU.Build.0 = Debug|Any CPU
		{E96E864C-1DFD-4765-80ED-2419B296FFC0}.Release|Any CPU.ActiveCfg = Release|Any CPU
		{E96E864C-1DFD-4765-80ED-2419B296FFC0}.Release|Any CPU.Build.0 = Release|Any CPU
	EndGlobalSection
	GlobalSection(SolutionProperties) = preSolution
		HideSolutionNode = FALSE
	EndGlobalSection
	GlobalSection(ExtensibilityGlobals) = postSolution
		SolutionGuid = {F0505CD1-1F70-43F6-92B2-5237753C484E}
	EndGlobalSection
EndGlobal
